// !$*UTF8*$!
{
	archiveVersion = 1;
	classes = {
	};
	objectVersion = 46;
	objects = {

/* Begin PBXBuildFile section */
		4940565A1D0A76610023016A /* AppDelegate.swift in Sources */ = {isa = PBXBuildFile; fileRef = 494056591D0A76610023016A /* AppDelegate.swift */; };
		4940565C1D0A76610023016A /* ViewController.swift in Sources */ = {isa = PBXBuildFile; fileRef = 4940565B1D0A76610023016A /* ViewController.swift */; };
		4940565F1D0A76610023016A /* Main.storyboard in Resources */ = {isa = PBXBuildFile; fileRef = 4940565D1D0A76610023016A /* Main.storyboard */; };
		494056611D0A76610023016A /* Assets.xcassets in Resources */ = {isa = PBXBuildFile; fileRef = 494056601D0A76610023016A /* Assets.xcassets */; };
		494056641D0A76610023016A /* LaunchScreen.storyboard in Resources */ = {isa = PBXBuildFile; fileRef = 494056621D0A76610023016A /* LaunchScreen.storyboard */; };
		4940566F1D0A76610023016A /* Time_FieldsTests.swift in Sources */ = {isa = PBXBuildFile; fileRef = 4940566E1D0A76610023016A /* Time_FieldsTests.swift */; };
		4940567A1D0A76610023016A /* Time_FieldsUITests.swift in Sources */ = {isa = PBXBuildFile; fileRef = 494056791D0A76610023016A /* Time_FieldsUITests.swift */; };
/* End PBXBuildFile section */

/* Begin PBXContainerItemProxy section */
		4940566B1D0A76610023016A /* PBXContainerItemProxy */ = {
			isa = PBXContainerItemProxy;
			containerPortal = 4940564E1D0A76610023016A /* Project object */;
			proxyType = 1;
			remoteGlobalIDString = 494056551D0A76610023016A;
			remoteInfo = "Time Fields";
		};
		494056761D0A76610023016A /* PBXContainerItemProxy */ = {
			isa = PBXContainerItemProxy;
			containerPortal = 4940564E1D0A76610023016A /* Project object */;
			proxyType = 1;
			remoteGlobalIDString = 494056551D0A76610023016A;
			remoteInfo = "Time Fields";
		};
/* End PBXContainerItemProxy section */

/* Begin PBXFileReference section */
		494056561D0A76610023016A /* Time Fields.app */ = {isa = PBXFileReference; explicitFileType = wrapper.application; includeInIndex = 0; path = "Time Fields.app"; sourceTree = BUILT_PRODUCTS_DIR; };
		494056591D0A76610023016A /* AppDelegate.swift */ = {isa = PBXFileReference; lastKnownFileType = sourcecode.swift; path = AppDelegate.swift; sourceTree = "<group>"; };
		4940565B1D0A76610023016A /* ViewController.swift */ = {isa = PBXFileReference; lastKnownFileType = sourcecode.swift; path = ViewController.swift; sourceTree = "<group>"; };
		4940565E1D0A76610023016A /* Base */ = {isa = PBXFileReference; lastKnownFileType = file.storyboard; name = Base; path = Base.lproj/Main.storyboard; sourceTree = "<group>"; };
		494056601D0A76610023016A /* Assets.xcassets */ = {isa = PBXFileReference; lastKnownFileType = folder.assetcatalog; path = Assets.xcassets; sourceTree = "<group>"; };
		494056631D0A76610023016A /* Base */ = {isa = PBXFileReference; lastKnownFileType = file.storyboard; name = Base; path = Base.lproj/LaunchScreen.storyboard; sourceTree = "<group>"; };
		494056651D0A76610023016A /* Info.plist */ = {isa = PBXFileReference; lastKnownFileType = text.plist.xml; path = Info.plist; sourceTree = "<group>"; };
		4940566A1D0A76610023016A /* Time FieldsTests.xctest */ = {isa = PBXFileReference; explicitFileType = wrapper.cfbundle; includeInIndex = 0; path = "Time FieldsTests.xctest"; sourceTree = BUILT_PRODUCTS_DIR; };
		4940566E1D0A76610023016A /* Time_FieldsTests.swift */ = {isa = PBXFileReference; lastKnownFileType = sourcecode.swift; path = Time_FieldsTests.swift; sourceTree = "<group>"; };
		494056701D0A76610023016A /* Info.plist */ = {isa = PBXFileReference; lastKnownFileType = text.plist.xml; path = Info.plist; sourceTree = "<group>"; };
		494056751D0A76610023016A /* Time FieldsUITests.xctest */ = {isa = PBXFileReference; explicitFileType = wrapper.cfbundle; includeInIndex = 0; path = "Time FieldsUITests.xctest"; sourceTree = BUILT_PRODUCTS_DIR; };
		494056791D0A76610023016A /* Time_FieldsUITests.swift */ = {isa = PBXFileReference; lastKnownFileType = sourcecode.swift; path = Time_FieldsUITests.swift; sourceTree = "<group>"; };
		4940567B1D0A76610023016A /* Info.plist */ = {isa = PBXFileReference; lastKnownFileType = text.plist.xml; path = Info.plist; sourceTree = "<group>"; };
/* End PBXFileReference section */

/* Begin PBXFrameworksBuildPhase section */
		494056531D0A76610023016A /* Frameworks */ = {
			isa = PBXFrameworksBuildPhase;
			buildActionMask = 2147483647;
			files = (
			);
			runOnlyForDeploymentPostprocessing = 0;
		};
		494056671D0A76610023016A /* Frameworks */ = {
			isa = PBXFrameworksBuildPhase;
			buildActionMask = 2147483647;
			files = (
			);
			runOnlyForDeploymentPostprocessing = 0;
		};
		494056721D0A76610023016A /* Frameworks */ = {
			isa = PBXFrameworksBuildPhase;
			buildActionMask = 2147483647;
			files = (
			);
			runOnlyForDeploymentPostprocessing = 0;
		};
/* End PBXFrameworksBuildPhase section */

/* Begin PBXGroup section */
		4940564D1D0A76610023016A = {
			isa = PBXGroup;
			children = (
				494056581D0A76610023016A /* Time Fields */,
				4940566D1D0A76610023016A /* Time FieldsTests */,
				494056781D0A76610023016A /* Time FieldsUITests */,
				494056571D0A76610023016A /* Products */,
			);
			sourceTree = "<group>";
		};
		494056571D0A76610023016A /* Products */ = {
			isa = PBXGroup;
			children = (
				494056561D0A76610023016A /* Time Fields.app */,
				4940566A1D0A76610023016A /* Time FieldsTests.xctest */,
				494056751D0A76610023016A /* Time FieldsUITests.xctest */,
			);
			name = Products;
			sourceTree = "<group>";
		};
		494056581D0A76610023016A /* Time Fields */ = {
			isa = PBXGroup;
			children = (
				494056591D0A76610023016A /* AppDelegate.swift */,
				4940565B1D0A76610023016A /* ViewController.swift */,
				4940565D1D0A76610023016A /* Main.storyboard */,
				494056601D0A76610023016A /* Assets.xcassets */,
				494056621D0A76610023016A /* LaunchScreen.storyboard */,
				494056651D0A76610023016A /* Info.plist */,
			);
			path = "Time Fields";
			sourceTree = "<group>";
		};
		4940566D1D0A76610023016A /* Time FieldsTests */ = {
			isa = PBXGroup;
			children = (
				4940566E1D0A76610023016A /* Time_FieldsTests.swift */,
				494056701D0A76610023016A /* Info.plist */,
			);
			path = "Time FieldsTests";
			sourceTree = "<group>";
		};
		494056781D0A76610023016A /* Time FieldsUITests */ = {
			isa = PBXGroup;
			children = (
				494056791D0A76610023016A /* Time_FieldsUITests.swift */,
				4940567B1D0A76610023016A /* Info.plist */,
			);
			path = "Time FieldsUITests";
			sourceTree = "<group>";
		};
/* End PBXGroup section */

/* Begin PBXNativeTarget section */
		494056551D0A76610023016A /* Time Fields */ = {
			isa = PBXNativeTarget;
			buildConfigurationList = 4940567E1D0A76620023016A /* Build configuration list for PBXNativeTarget "Time Fields" */;
			buildPhases = (
				494056521D0A76610023016A /* Sources */,
				494056531D0A76610023016A /* Frameworks */,
				494056541D0A76610023016A /* Resources */,
			);
			buildRules = (
			);
			dependencies = (
			);
			name = "Time Fields";
			productName = "Time Fields";
			productReference = 494056561D0A76610023016A /* Time Fields.app */;
			productType = "com.apple.product-type.application";
		};
		494056691D0A76610023016A /* Time FieldsTests */ = {
			isa = PBXNativeTarget;
			buildConfigurationList = 494056811D0A76620023016A /* Build configuration list for PBXNativeTarget "Time FieldsTests" */;
			buildPhases = (
				494056661D0A76610023016A /* Sources */,
				494056671D0A76610023016A /* Frameworks */,
				494056681D0A76610023016A /* Resources */,
			);
			buildRules = (
			);
			dependencies = (
				4940566C1D0A76610023016A /* PBXTargetDependency */,
			);
			name = "Time FieldsTests";
			productName = "Time FieldsTests";
			productReference = 4940566A1D0A76610023016A /* Time FieldsTests.xctest */;
			productType = "com.apple.product-type.bundle.unit-test";
		};
		494056741D0A76610023016A /* Time FieldsUITests */ = {
			isa = PBXNativeTarget;
			buildConfigurationList = 494056841D0A76620023016A /* Build configuration list for PBXNativeTarget "Time FieldsUITests" */;
			buildPhases = (
				494056711D0A76610023016A /* Sources */,
				494056721D0A76610023016A /* Frameworks */,
				494056731D0A76610023016A /* Resources */,
			);
			buildRules = (
			);
			dependencies = (
				494056771D0A76610023016A /* PBXTargetDependency */,
			);
			name = "Time FieldsUITests";
			productName = "Time FieldsUITests";
			productReference = 494056751D0A76610023016A /* Time FieldsUITests.xctest */;
			productType = "com.apple.product-type.bundle.ui-testing";
		};
/* End PBXNativeTarget section */

/* Begin PBXProject section */
		4940564E1D0A76610023016A /* Project object */ = {
			isa = PBXProject;
			attributes = {
				LastSwiftUpdateCheck = 0730;
				LastUpgradeCheck = 0730;
				ORGANIZATIONNAME = "Andrew Downing";
				TargetAttributes = {
					494056551D0A76610023016A = {
						CreatedOnToolsVersion = 7.3.1;
						DevelopmentTeam = VHMJ3S837S;
					};
					494056691D0A76610023016A = {
						CreatedOnToolsVersion = 7.3.1;
						TestTargetID = 494056551D0A76610023016A;
					};
					494056741D0A76610023016A = {
						CreatedOnToolsVersion = 7.3.1;
						TestTargetID = 494056551D0A76610023016A;
					};
				};
			};
			buildConfigurationList = 494056511D0A76610023016A /* Build configuration list for PBXProject "Time Fields" */;
			compatibilityVersion = "Xcode 3.2";
			developmentRegion = English;
			hasScannedForEncodings = 0;
			knownRegions = (
				en,
				Base,
			);
			mainGroup = 4940564D1D0A76610023016A;
			productRefGroup = 494056571D0A76610023016A /* Products */;
			projectDirPath = "";
			projectRoot = "";
			targets = (
				494056551D0A76610023016A /* Time Fields */,
				494056691D0A76610023016A /* Time FieldsTests */,
				494056741D0A76610023016A /* Time FieldsUITests */,
			);
		};
/* End PBXProject section */

/* Begin PBXResourcesBuildPhase section */
		494056541D0A76610023016A /* Resources */ = {
			isa = PBXResourcesBuildPhase;
			buildActionMask = 2147483647;
			files = (
				494056641D0A76610023016A /* LaunchScreen.storyboard in Resources */,
				494056611D0A76610023016A /* Assets.xcassets in Resources */,
				4940565F1D0A76610023016A /* Main.storyboard in Resources */,
			);
			runOnlyForDeploymentPostprocessing = 0;
		};
		494056681D0A76610023016A /* Resources */ = {
			isa = PBXResourcesBuildPhase;
			buildActionMask = 2147483647;
			files = (
			);
			runOnlyForDeploymentPostprocessing = 0;
		};
		494056731D0A76610023016A /* Resources */ = {
			isa = PBXResourcesBuildPhase;
			buildActionMask = 2147483647;
			files = (
			);
			runOnlyForDeploymentPostprocessing = 0;
		};
/* End PBXResourcesBuildPhase section */

/* Begin PBXSourcesBuildPhase section */
		494056521D0A76610023016A /* Sources */ = {
			isa = PBXSourcesBuildPhase;
			buildActionMask = 2147483647;
			files = (
				4940565C1D0A76610023016A /* ViewController.swift in Sources */,
				4940565A1D0A76610023016A /* AppDelegate.swift in Sources */,
			);
			runOnlyForDeploymentPostprocessing = 0;
		};
		494056661D0A76610023016A /* Sources */ = {
			isa = PBXSourcesBuildPhase;
			buildActionMask = 2147483647;
			files = (
				4940566F1D0A76610023016A /* Time_FieldsTests.swift in Sources */,
			);
			runOnlyForDeploymentPostprocessing = 0;
		};
		494056711D0A76610023016A /* Sources */ = {
			isa = PBXSourcesBuildPhase;
			buildActionMask = 2147483647;
			files = (
				4940567A1D0A76610023016A /* Time_FieldsUITests.swift in Sources */,
			);
			runOnlyForDeploymentPostprocessing = 0;
		};
/* End PBXSourcesBuildPhase section */

/* Begin PBXTargetDependency section */
		4940566C1D0A76610023016A /* PBXTargetDependency */ = {
			isa = PBXTargetDependency;
			target = 494056551D0A76610023016A /* Time Fields */;
			targetProxy = 4940566B1D0A76610023016A /* PBXContainerItemProxy */;
		};
		494056771D0A76610023016A /* PBXTargetDependency */ = {
			isa = PBXTargetDependency;
			target = 494056551D0A76610023016A /* Time Fields */;
			targetProxy = 494056761D0A76610023016A /* PBXContainerItemProxy */;
		};
/* End PBXTargetDependency section */

/* Begin PBXVariantGroup section */
		4940565D1D0A76610023016A /* Main.storyboard */ = {
			isa = PBXVariantGroup;
			children = (
				4940565E1D0A76610023016A /* Base */,
			);
			name = Main.storyboard;
			sourceTree = "<group>";
		};
		494056621D0A76610023016A /* LaunchScreen.storyboard */ = {
			isa = PBXVariantGroup;
			children = (
				494056631D0A76610023016A /* Base */,
			);
			name = LaunchScreen.storyboard;
			sourceTree = "<group>";
		};
/* End PBXVariantGroup section */

/* Begin XCBuildConfiguration section */
		4940567C1D0A76610023016A /* Debug */ = {
			isa = XCBuildConfiguration;
			buildSettings = {
				ALWAYS_SEARCH_USER_PATHS = NO;
				CLANG_ANALYZER_NONNULL = YES;
				CLANG_CXX_LANGUAGE_STANDARD = "gnu++0x";
				CLANG_CXX_LIBRARY = "libc++";
				CLANG_ENABLE_MODULES = YES;
				CLANG_ENABLE_OBJC_ARC = YES;
				CLANG_WARN_BOOL_CONVERSION = YES;
				CLANG_WARN_CONSTANT_CONVERSION = YES;
				CLANG_WARN_DIRECT_OBJC_ISA_USAGE = YES_ERROR;
				CLANG_WARN_EMPTY_BODY = YES;
				CLANG_WARN_ENUM_CONVERSION = YES;
				CLANG_WARN_INT_CONVERSION = YES;
				CLANG_WARN_OBJC_ROOT_CLASS = YES_ERROR;
				CLANG_WARN_UNREACHABLE_CODE = YES;
				CLANG_WARN__DUPLICATE_METHOD_MATCH = YES;
				"CODE_SIGN_IDENTITY[sdk=iphoneos*]" = "iPhone Developer";
				COPY_PHASE_STRIP = NO;
				DEBUG_INFORMATION_FORMAT = dwarf;
				ENABLE_STRICT_OBJC_MSGSEND = YES;
				ENABLE_TESTABILITY = YES;
				GCC_C_LANGUAGE_STANDARD = gnu99;
				GCC_DYNAMIC_NO_PIC = NO;
				GCC_NO_COMMON_BLOCKS = YES;
				GCC_OPTIMIZATION_LEVEL = 0;
				GCC_PREPROCESSOR_DEFINITIONS = (
					"DEBUG=1",
					"$(inherited)",
				);
				GCC_WARN_64_TO_32_BIT_CONVERSION = YES;
				GCC_WARN_ABOUT_RETURN_TYPE = YES_ERROR;
				GCC_WARN_UNDECLARED_SELECTOR = YES;
				GCC_WARN_UNINITIALIZED_AUTOS = YES_AGGRESSIVE;
				GCC_WARN_UNUSED_FUNCTION = YES;
				GCC_WARN_UNUSED_VARIABLE = YES;
				IPHONEOS_DEPLOYMENT_TARGET = 9.3;
				MTL_ENABLE_DEBUG_INFO = YES;
				ONLY_ACTIVE_ARCH = YES;
				SDKROOT = iphoneos;
				SWIFT_OPTIMIZATION_LEVEL = "-Onone";
				TARGETED_DEVICE_FAMILY = "1,2";
			};
			name = Debug;
		};
		4940567D1D0A76610023016A /* Release */ = {
			isa = XCBuildConfiguration;
			buildSettings = {
				ALWAYS_SEARCH_USER_PATHS = NO;
				CLANG_ANALYZER_NONNULL = YES;
				CLANG_CXX_LANGUAGE_STANDARD = "gnu++0x";
				CLANG_CXX_LIBRARY = "libc++";
				CLANG_ENABLE_MODULES = YES;
				CLANG_ENABLE_OBJC_ARC = YES;
				CLANG_WARN_BOOL_CONVERSION = YES;
				CLANG_WARN_CONSTANT_CONVERSION = YES;
				CLANG_WARN_DIRECT_OBJC_ISA_USAGE = YES_ERROR;
				CLANG_WARN_EMPTY_BODY = YES;
				CLANG_WARN_ENUM_CONVERSION = YES;
				CLANG_WARN_INT_CONVERSION = YES;
				CLANG_WARN_OBJC_ROOT_CLASS = YES_ERROR;
				CLANG_WARN_UNREACHABLE_CODE = YES;
				CLANG_WARN__DUPLICATE_METHOD_MATCH = YES;
				"CODE_SIGN_IDENTITY[sdk=iphoneos*]" = "iPhone Developer";
				COPY_PHASE_STRIP = NO;
				DEBUG_INFORMATION_FORMAT = "dwarf-with-dsym";
				ENABLE_NS_ASSERTIONS = NO;
				ENABLE_STRICT_OBJC_MSGSEND = YES;
				GCC_C_LANGUAGE_STANDARD = gnu99;
				GCC_NO_COMMON_BLOCKS = YES;
				GCC_WARN_64_TO_32_BIT_CONVERSION = YES;
				GCC_WARN_ABOUT_RETURN_TYPE = YES_ERROR;
				GCC_WARN_UNDECLARED_SELECTOR = YES;
				GCC_WARN_UNINITIALIZED_AUTOS = YES_AGGRESSIVE;
				GCC_WARN_UNUSED_FUNCTION = YES;
				GCC_WARN_UNUSED_VARIABLE = YES;
				IPHONEOS_DEPLOYMENT_TARGET = 9.3;
				MTL_ENABLE_DEBUG_INFO = NO;
				SDKROOT = iphoneos;
				TARGETED_DEVICE_FAMILY = "1,2";
				VALIDATE_PRODUCT = YES;
			};
			name = Release;
		};
		4940567F1D0A76620023016A /* Debug */ = {
			isa = XCBuildConfiguration;
			buildSettings = {
				ASSETCATALOG_COMPILER_APPICON_NAME = AppIcon;
				CODE_SIGN_IDENTITY = "iPhone Developer";
				"CODE_SIGN_IDENTITY[sdk=iphoneos*]" = "iPhone Developer";
				INFOPLIST_FILE = "Time Fields/Info.plist";
				LD_RUNPATH_SEARCH_PATHS = "$(inherited) @executable_path/Frameworks";
				PRODUCT_BUNDLE_IDENTIFIER = "com.yourcompany.Time-Fields";
				PRODUCT_NAME = "$(TARGET_NAME)";
				PROVISIONING_PROFILE = "";
			};
			name = Debug;
		};
		494056801D0A76620023016A /* Release */ = {
			isa = XCBuildConfiguration;
			buildSettings = {
				ASSETCATALOG_COMPILER_APPICON_NAME = AppIcon;
				CODE_SIGN_IDENTITY = "iPhone Developer";
				"CODE_SIGN_IDENTITY[sdk=iphoneos*]" = "iPhone Developer";
				INFOPLIST_FILE = "Time Fields/Info.plist";
				LD_RUNPATH_SEARCH_PATHS = "$(inherited) @executable_path/Frameworks";
				PRODUCT_BUNDLE_IDENTIFIER = "com.yourcompany.Time-Fields";
				PRODUCT_NAME = "$(TARGET_NAME)";
				PROVISIONING_PROFILE = "";
			};
			name = Release;
		};
		494056821D0A76620023016A /* Debug */ = {
			isa = XCBuildConfiguration;
			buildSettings = {
				BUNDLE_LOADER = "$(TEST_HOST)";
				INFOPLIST_FILE = "Time FieldsTests/Info.plist";
				LD_RUNPATH_SEARCH_PATHS = "$(inherited) @executable_path/Frameworks @loader_path/Frameworks";
				PRODUCT_BUNDLE_IDENTIFIER = "com.yourcompany.Time-FieldsTests";
				PRODUCT_NAME = "$(TARGET_NAME)";
				TEST_HOST = "$(BUILT_PRODUCTS_DIR)/Time Fields.app/Time Fields";
			};
			name = Debug;
		};
		494056831D0A76620023016A /* Release */ = {
			isa = XCBuildConfiguration;
			buildSettings = {
				BUNDLE_LOADER = "$(TEST_HOST)";
				INFOPLIST_FILE = "Time FieldsTests/Info.plist";
				LD_RUNPATH_SEARCH_PATHS = "$(inherited) @executable_path/Frameworks @loader_path/Frameworks";
				PRODUCT_BUNDLE_IDENTIFIER = "com.yourcompany.Time-FieldsTests";
				PRODUCT_NAME = "$(TARGET_NAME)";
				TEST_HOST = "$(BUILT_PRODUCTS_DIR)/Time Fields.app/Time Fields";
			};
			name = Release;
		};
		494056851D0A76620023016A /* Debug */ = {
			isa = XCBuildConfiguration;
			buildSettings = {
				INFOPLIST_FILE = "Time FieldsUITests/Info.plist";
				LD_RUNPATH_SEARCH_PATHS = "$(inherited) @executable_path/Frameworks @loader_path/Frameworks";
				PRODUCT_BUNDLE_IDENTIFIER = "com.yourcompany.Time-FieldsUITests";
				PRODUCT_NAME = "$(TARGET_NAME)";
				TEST_TARGET_NAME = "Time Fields";
			};
			name = Debug;
		};
		494056861D0A76620023016A /* Release */ = {
			isa = XCBuildConfiguration;
			buildSettings = {
				INFOPLIST_FILE = "Time FieldsUITests/Info.plist";
				LD_RUNPATH_SEARCH_PATHS = "$(inherited) @executable_path/Frameworks @loader_path/Frameworks";
				PRODUCT_BUNDLE_IDENTIFIER = "com.yourcompany.Time-FieldsUITests";
				PRODUCT_NAME = "$(TARGET_NAME)";
				TEST_TARGET_NAME = "Time Fields";
			};
			name = Release;
		};
/* End XCBuildConfiguration section */

/* Begin XCConfigurationList section */
		494056511D0A76610023016A /* Build configuration list for PBXProject "Time Fields" */ = {
			isa = XCConfigurationList;
			buildConfigurations = (
				4940567C1D0A76610023016A /* Debug */,
				4940567D1D0A76610023016A /* Release */,
			);
			defaultConfigurationIsVisible = 0;
			defaultConfigurationName = Release;
		};
		4940567E1D0A76620023016A /* Build configuration list for PBXNativeTarget "Time Fields" */ = {
			isa = XCConfigurationList;
			buildConfigurations = (
				4940567F1D0A76620023016A /* Debug */,
				494056801D0A76620023016A /* Release */,
			);
			defaultConfigurationIsVisible = 0;
			defaultConfigurationName = Release;
		};
		494056811D0A76620023016A /* Build configuration list for PBXNativeTarget "Time FieldsTests" */ = {
			isa = XCConfigurationList;
			buildConfigurations = (
				494056821D0A76620023016A /* Debug */,
				494056831D0A76620023016A /* Release */,
			);
			defaultConfigurationIsVisible = 0;
			defaultConfigurationName = Release;
		};
		494056841D0A76620023016A /* Build configuration list for PBXNativeTarget "Time FieldsUITests" */ = {
			isa = XCConfigurationList;
			buildConfigurations = (
				494056851D0A76620023016A /* Debug */,
				494056861D0A76620023016A /* Release */,
			);
			defaultConfigurationIsVisible = 0;
			defaultConfigurationName = Release;
		};
/* End XCConfigurationList section */
	};
	rootObject = 4940564E1D0A76610023016A /* Project object */;
}
